// !$*UTF8*$!
{
	archiveVersion = 1;
	classes = {
	};
	objectVersion = 55;
	objects = {

/* Begin PBXBuildFile section */
		BE1C39CB28C7748D0051785F /* FavoriteButton.swift in Sources */ = {isa = PBXBuildFile; fileRef = BE1C39CA28C7748D0051785F /* FavoriteButton.swift */; };
		BE9664A828C2D9BE00084A96 /* Movie_App_SwiftUI_MVIApp.swift in Sources */ = {isa = PBXBuildFile; fileRef = BE9664A728C2D9BE00084A96 /* Movie_App_SwiftUI_MVIApp.swift */; };
		BE9664AA28C2D9BE00084A96 /* ContentView.swift in Sources */ = {isa = PBXBuildFile; fileRef = BE9664A928C2D9BE00084A96 /* ContentView.swift */; };
		BE9664AC28C2D9C000084A96 /* Assets.xcassets in Resources */ = {isa = PBXBuildFile; fileRef = BE9664AB28C2D9C000084A96 /* Assets.xcassets */; };
		BE9664AF28C2D9C000084A96 /* Preview Assets.xcassets in Resources */ = {isa = PBXBuildFile; fileRef = BE9664AE28C2D9C000084A96 /* Preview Assets.xcassets */; };
		BE9664B628C2E0E500084A96 /* HomeView.swift in Sources */ = {isa = PBXBuildFile; fileRef = BE9664B528C2E0E500084A96 /* HomeView.swift */; };
		BE9664BE28C2E25100084A96 /* BarModifier.swift in Sources */ = {isa = PBXBuildFile; fileRef = BE9664BD28C2E25100084A96 /* BarModifier.swift */; };
		BE9664C128C2E38400084A96 /* RxCocoa in Frameworks */ = {isa = PBXBuildFile; productRef = BE9664C028C2E38400084A96 /* RxCocoa */; };
		BE9664C328C2E38400084A96 /* RxRelay in Frameworks */ = {isa = PBXBuildFile; productRef = BE9664C228C2E38400084A96 /* RxRelay */; };
		BE9664C528C2E38400084A96 /* RxSwift in Frameworks */ = {isa = PBXBuildFile; productRef = BE9664C428C2E38400084A96 /* RxSwift */; };
		BE9664C928C2E41400084A96 /* HomePageRepo.swift in Sources */ = {isa = PBXBuildFile; fileRef = BE9664C828C2E41400084A96 /* HomePageRepo.swift */; };
		BE9664CC28C2E42E00084A96 /* MovieModel.swift in Sources */ = {isa = PBXBuildFile; fileRef = BE9664CB28C2E42E00084A96 /* MovieModel.swift */; };
		BE9664CF28C2E77000084A96 /* Alamofire in Frameworks */ = {isa = PBXBuildFile; productRef = BE9664CE28C2E77000084A96 /* Alamofire */; };
		BE9664D228C2E7C300084A96 /* HomePageViewModel.swift in Sources */ = {isa = PBXBuildFile; fileRef = BE9664D128C2E7C300084A96 /* HomePageViewModel.swift */; };
		BE9664D528C2EA3800084A96 /* ErrorCase.swift in Sources */ = {isa = PBXBuildFile; fileRef = BE9664D428C2EA3800084A96 /* ErrorCase.swift */; };
		BE9664D828C2EFB200084A96 /* Kingfisher in Frameworks */ = {isa = PBXBuildFile; productRef = BE9664D728C2EFB200084A96 /* Kingfisher */; };
		BE9664DB28C2F01600084A96 /* MovieCard.swift in Sources */ = {isa = PBXBuildFile; fileRef = BE9664DA28C2F01600084A96 /* MovieCard.swift */; };
		BE9664DD28C3846F00084A96 /* RoundedCorner.swift in Sources */ = {isa = PBXBuildFile; fileRef = BE9664DC28C3846F00084A96 /* RoundedCorner.swift */; };
		BE9664E028C3849600084A96 /* RoundedCorner-ext.swift in Sources */ = {isa = PBXBuildFile; fileRef = BE9664DF28C3849600084A96 /* RoundedCorner-ext.swift */; };
		BE9664E228C38D6600084A96 /* Debounce.swift in Sources */ = {isa = PBXBuildFile; fileRef = BE9664E128C38D6600084A96 /* Debounce.swift */; };
		BE9664E428C3BEDA00084A96 /* MovieDetails.swift in Sources */ = {isa = PBXBuildFile; fileRef = BE9664E328C3BEDA00084A96 /* MovieDetails.swift */; };
		BE9664E628C3E0ED00084A96 /* SeeMoreModifier.swift in Sources */ = {isa = PBXBuildFile; fileRef = BE9664E528C3E0EC00084A96 /* SeeMoreModifier.swift */; };
		BEB67C5628C629AB006EE92E /* FlatLinkStyle.swift in Sources */ = {isa = PBXBuildFile; fileRef = BEB67C5528C629AB006EE92E /* FlatLinkStyle.swift */; };
		BEB67C5828C62E5F006EE92E /* Constants.swift in Sources */ = {isa = PBXBuildFile; fileRef = BEB67C5728C62E5F006EE92E /* Constants.swift */; };
		BEB67C5A28C630B9006EE92E /* EndPoints.swift in Sources */ = {isa = PBXBuildFile; fileRef = BEB67C5928C630B9006EE92E /* EndPoints.swift */; };
/* End PBXBuildFile section */

/* Begin PBXFileReference section */
		BE1C39CA28C7748D0051785F /* FavoriteButton.swift */ = {isa = PBXFileReference; lastKnownFileType = sourcecode.swift; path = FavoriteButton.swift; sourceTree = "<group>"; };
		BE9664A428C2D9BE00084A96 /* Movie-App-SwiftUI-MVI.app */ = {isa = PBXFileReference; explicitFileType = wrapper.application; includeInIndex = 0; path = "Movie-App-SwiftUI-MVI.app"; sourceTree = BUILT_PRODUCTS_DIR; };
		BE9664A728C2D9BE00084A96 /* Movie_App_SwiftUI_MVIApp.swift */ = {isa = PBXFileReference; lastKnownFileType = sourcecode.swift; path = Movie_App_SwiftUI_MVIApp.swift; sourceTree = "<group>"; };
		BE9664A928C2D9BE00084A96 /* ContentView.swift */ = {isa = PBXFileReference; lastKnownFileType = sourcecode.swift; path = ContentView.swift; sourceTree = "<group>"; };
		BE9664AB28C2D9C000084A96 /* Assets.xcassets */ = {isa = PBXFileReference; lastKnownFileType = folder.assetcatalog; path = Assets.xcassets; sourceTree = "<group>"; };
		BE9664AE28C2D9C000084A96 /* Preview Assets.xcassets */ = {isa = PBXFileReference; lastKnownFileType = folder.assetcatalog; path = "Preview Assets.xcassets"; sourceTree = "<group>"; };
		BE9664B528C2E0E500084A96 /* HomeView.swift */ = {isa = PBXFileReference; lastKnownFileType = sourcecode.swift; path = HomeView.swift; sourceTree = "<group>"; };
		BE9664BD28C2E25100084A96 /* BarModifier.swift */ = {isa = PBXFileReference; lastKnownFileType = sourcecode.swift; path = BarModifier.swift; sourceTree = "<group>"; };
		BE9664C828C2E41400084A96 /* HomePageRepo.swift */ = {isa = PBXFileReference; lastKnownFileType = sourcecode.swift; path = HomePageRepo.swift; sourceTree = "<group>"; };
		BE9664CB28C2E42E00084A96 /* MovieModel.swift */ = {isa = PBXFileReference; lastKnownFileType = sourcecode.swift; path = MovieModel.swift; sourceTree = "<group>"; };
		BE9664D128C2E7C300084A96 /* HomePageViewModel.swift */ = {isa = PBXFileReference; lastKnownFileType = sourcecode.swift; path = HomePageViewModel.swift; sourceTree = "<group>"; };
		BE9664D428C2EA3800084A96 /* ErrorCase.swift */ = {isa = PBXFileReference; lastKnownFileType = sourcecode.swift; path = ErrorCase.swift; sourceTree = "<group>"; };
		BE9664DA28C2F01600084A96 /* MovieCard.swift */ = {isa = PBXFileReference; lastKnownFileType = sourcecode.swift; path = MovieCard.swift; sourceTree = "<group>"; };
		BE9664DC28C3846F00084A96 /* RoundedCorner.swift */ = {isa = PBXFileReference; lastKnownFileType = sourcecode.swift; path = RoundedCorner.swift; sourceTree = "<group>"; };
		BE9664DF28C3849600084A96 /* RoundedCorner-ext.swift */ = {isa = PBXFileReference; lastKnownFileType = sourcecode.swift; path = "RoundedCorner-ext.swift"; sourceTree = "<group>"; };
		BE9664E128C38D6600084A96 /* Debounce.swift */ = {isa = PBXFileReference; lastKnownFileType = sourcecode.swift; path = Debounce.swift; sourceTree = "<group>"; };
		BE9664E328C3BEDA00084A96 /* MovieDetails.swift */ = {isa = PBXFileReference; lastKnownFileType = sourcecode.swift; path = MovieDetails.swift; sourceTree = "<group>"; };
		BE9664E528C3E0EC00084A96 /* SeeMoreModifier.swift */ = {isa = PBXFileReference; lastKnownFileType = sourcecode.swift; path = SeeMoreModifier.swift; sourceTree = "<group>"; };
		BEB67C5528C629AB006EE92E /* FlatLinkStyle.swift */ = {isa = PBXFileReference; lastKnownFileType = sourcecode.swift; path = FlatLinkStyle.swift; sourceTree = "<group>"; };
		BEB67C5728C62E5F006EE92E /* Constants.swift */ = {isa = PBXFileReference; lastKnownFileType = sourcecode.swift; path = Constants.swift; sourceTree = "<group>"; };
		BEB67C5928C630B9006EE92E /* EndPoints.swift */ = {isa = PBXFileReference; lastKnownFileType = sourcecode.swift; path = EndPoints.swift; sourceTree = "<group>"; };
/* End PBXFileReference section */

/* Begin PBXFrameworksBuildPhase section */
		BE9664A128C2D9BE00084A96 /* Frameworks */ = {
			isa = PBXFrameworksBuildPhase;
			buildActionMask = 2147483647;
			files = (
				BE9664C528C2E38400084A96 /* RxSwift in Frameworks */,
				BE9664CF28C2E77000084A96 /* Alamofire in Frameworks */,
				BE9664C328C2E38400084A96 /* RxRelay in Frameworks */,
				BE9664C128C2E38400084A96 /* RxCocoa in Frameworks */,
				BE9664D828C2EFB200084A96 /* Kingfisher in Frameworks */,
			);
			runOnlyForDeploymentPostprocessing = 0;
		};
/* End PBXFrameworksBuildPhase section */

/* Begin PBXGroup section */
		BE1C39C928C774720051785F /* SharableViews */ = {
			isa = PBXGroup;
			children = (
				BE1C39CA28C7748D0051785F /* FavoriteButton.swift */,
			);
			path = SharableViews;
			sourceTree = "<group>";
		};
		BE96649B28C2D9BE00084A96 = {
			isa = PBXGroup;
			children = (
				BE9664A628C2D9BE00084A96 /* Movie-App-SwiftUI-MVI */,
				BE9664A528C2D9BE00084A96 /* Products */,
			);
			sourceTree = "<group>";
		};
		BE9664A528C2D9BE00084A96 /* Products */ = {
			isa = PBXGroup;
			children = (
				BE9664A428C2D9BE00084A96 /* Movie-App-SwiftUI-MVI.app */,
			);
			name = Products;
			sourceTree = "<group>";
		};
		BE9664A628C2D9BE00084A96 /* Movie-App-SwiftUI-MVI */ = {
			isa = PBXGroup;
			children = (
				BE1C39C928C774720051785F /* SharableViews */,
				BE9664DE28C3848200084A96 /* Extensions */,
				BE9664D328C2EA2B00084A96 /* Helpers */,
				BE9664D028C2E7A200084A96 /* ViewModels */,
				BE9664CA28C2E42400084A96 /* Models */,
				BE9664C728C2E3F900084A96 /* Repos */,
				BE9664C628C2E39C00084A96 /* Views */,
				BE9664BC28C2E24200084A96 /* Modifiers */,
				BE9664A728C2D9BE00084A96 /* Movie_App_SwiftUI_MVIApp.swift */,
				BE9664A928C2D9BE00084A96 /* ContentView.swift */,
				BE9664AB28C2D9C000084A96 /* Assets.xcassets */,
				BE9664AD28C2D9C000084A96 /* Preview Content */,
			);
			path = "Movie-App-SwiftUI-MVI";
			sourceTree = "<group>";
		};
		BE9664AD28C2D9C000084A96 /* Preview Content */ = {
			isa = PBXGroup;
			children = (
				BE9664AE28C2D9C000084A96 /* Preview Assets.xcassets */,
			);
			path = "Preview Content";
			sourceTree = "<group>";
		};
		BE9664BC28C2E24200084A96 /* Modifiers */ = {
			isa = PBXGroup;
			children = (
				BE9664BD28C2E25100084A96 /* BarModifier.swift */,
				BE9664DC28C3846F00084A96 /* RoundedCorner.swift */,
				BE9664E528C3E0EC00084A96 /* SeeMoreModifier.swift */,
				BEB67C5528C629AB006EE92E /* FlatLinkStyle.swift */,
			);
			path = Modifiers;
			sourceTree = "<group>";
		};
		BE9664C628C2E39C00084A96 /* Views */ = {
			isa = PBXGroup;
			children = (
				BE9664D928C2EFD600084A96 /* Home */,
			);
			path = Views;
			sourceTree = "<group>";
		};
		BE9664C728C2E3F900084A96 /* Repos */ = {
			isa = PBXGroup;
			children = (
				BE9664C828C2E41400084A96 /* HomePageRepo.swift */,
			);
			path = Repos;
			sourceTree = "<group>";
		};
		BE9664CA28C2E42400084A96 /* Models */ = {
			isa = PBXGroup;
			children = (
				BE9664CB28C2E42E00084A96 /* MovieModel.swift */,
			);
			path = Models;
			sourceTree = "<group>";
		};
		BE9664D028C2E7A200084A96 /* ViewModels */ = {
			isa = PBXGroup;
			children = (
				BE9664D128C2E7C300084A96 /* HomePageViewModel.swift */,
			);
			path = ViewModels;
			sourceTree = "<group>";
		};
		BE9664D328C2EA2B00084A96 /* Helpers */ = {
			isa = PBXGroup;
			children = (
				BE9664D428C2EA3800084A96 /* ErrorCase.swift */,
				BE9664E128C38D6600084A96 /* Debounce.swift */,
				BEB67C5728C62E5F006EE92E /* Constants.swift */,
				BEB67C5928C630B9006EE92E /* EndPoints.swift */,
			);
			path = Helpers;
			sourceTree = "<group>";
		};
		BE9664D928C2EFD600084A96 /* Home */ = {
			isa = PBXGroup;
			children = (
				BE9664B528C2E0E500084A96 /* HomeView.swift */,
				BE9664DA28C2F01600084A96 /* MovieCard.swift */,
				BE9664E328C3BEDA00084A96 /* MovieDetails.swift */,
			);
			path = Home;
			sourceTree = "<group>";
		};
		BE9664DE28C3848200084A96 /* Extensions */ = {
			isa = PBXGroup;
			children = (
				BE9664DF28C3849600084A96 /* RoundedCorner-ext.swift */,
			);
			path = Extensions;
			sourceTree = "<group>";
		};
/* End PBXGroup section */

/* Begin PBXNativeTarget section */
		BE9664A328C2D9BE00084A96 /* Movie-App-SwiftUI-MVI */ = {
			isa = PBXNativeTarget;
			buildConfigurationList = BE9664B228C2D9C000084A96 /* Build configuration list for PBXNativeTarget "Movie-App-SwiftUI-MVI" */;
			buildPhases = (
				BE9664A028C2D9BE00084A96 /* Sources */,
				BE9664A128C2D9BE00084A96 /* Frameworks */,
				BE9664A228C2D9BE00084A96 /* Resources */,
			);
			buildRules = (
			);
			dependencies = (
			);
			name = "Movie-App-SwiftUI-MVI";
			packageProductDependencies = (
				BE9664C028C2E38400084A96 /* RxCocoa */,
				BE9664C228C2E38400084A96 /* RxRelay */,
				BE9664C428C2E38400084A96 /* RxSwift */,
				BE9664CE28C2E77000084A96 /* Alamofire */,
				BE9664D728C2EFB200084A96 /* Kingfisher */,
			);
			productName = "Movie-App-SwiftUI-MVI";
			productReference = BE9664A428C2D9BE00084A96 /* Movie-App-SwiftUI-MVI.app */;
			productType = "com.apple.product-type.application";
		};
/* End PBXNativeTarget section */

/* Begin PBXProject section */
		BE96649C28C2D9BE00084A96 /* Project object */ = {
			isa = PBXProject;
			attributes = {
				BuildIndependentTargetsInParallel = 1;
				LastSwiftUpdateCheck = 1320;
				LastUpgradeCheck = 1320;
				TargetAttributes = {
					BE9664A328C2D9BE00084A96 = {
						CreatedOnToolsVersion = 13.2.1;
					};
				};
			};
			buildConfigurationList = BE96649F28C2D9BE00084A96 /* Build configuration list for PBXProject "Movie-App-SwiftUI-MVI" */;
			compatibilityVersion = "Xcode 13.0";
			developmentRegion = en;
			hasScannedForEncodings = 0;
			knownRegions = (
				en,
				Base,
			);
			mainGroup = BE96649B28C2D9BE00084A96;
			packageReferences = (
				BE9664BF28C2E38400084A96 /* XCRemoteSwiftPackageReference "RxSwift" */,
				BE9664CD28C2E77000084A96 /* XCRemoteSwiftPackageReference "Alamofire" */,
				BE9664D628C2EFB200084A96 /* XCRemoteSwiftPackageReference "Kingfisher" */,
			);
			productRefGroup = BE9664A528C2D9BE00084A96 /* Products */;
			projectDirPath = "";
			projectRoot = "";
			targets = (
				BE9664A328C2D9BE00084A96 /* Movie-App-SwiftUI-MVI */,
			);
		};
/* End PBXProject section */

/* Begin PBXResourcesBuildPhase section */
		BE9664A228C2D9BE00084A96 /* Resources */ = {
			isa = PBXResourcesBuildPhase;
			buildActionMask = 2147483647;
			files = (
				BE9664AF28C2D9C000084A96 /* Preview Assets.xcassets in Resources */,
				BE9664AC28C2D9C000084A96 /* Assets.xcassets in Resources */,
			);
			runOnlyForDeploymentPostprocessing = 0;
		};
/* End PBXResourcesBuildPhase section */

/* Begin PBXSourcesBuildPhase section */
		BE9664A028C2D9BE00084A96 /* Sources */ = {
			isa = PBXSourcesBuildPhase;
			buildActionMask = 2147483647;
			files = (
				BEB67C5628C629AB006EE92E /* FlatLinkStyle.swift in Sources */,
				BE9664DB28C2F01600084A96 /* MovieCard.swift in Sources */,
				BE9664E428C3BEDA00084A96 /* MovieDetails.swift in Sources */,
				BE1C39CB28C7748D0051785F /* FavoriteButton.swift in Sources */,
				BE9664CC28C2E42E00084A96 /* MovieModel.swift in Sources */,
				BE9664E028C3849600084A96 /* RoundedCorner-ext.swift in Sources */,
				BE9664E628C3E0ED00084A96 /* SeeMoreModifier.swift in Sources */,
				BE9664B628C2E0E500084A96 /* HomeView.swift in Sources */,
				BEB67C5828C62E5F006EE92E /* Constants.swift in Sources */,
				BE9664C928C2E41400084A96 /* HomePageRepo.swift in Sources */,
				BE9664D228C2E7C300084A96 /* HomePageViewModel.swift in Sources */,
				BEB67C5A28C630B9006EE92E /* EndPoints.swift in Sources */,
				BE9664AA28C2D9BE00084A96 /* ContentView.swift in Sources */,
				BE9664D528C2EA3800084A96 /* ErrorCase.swift in Sources */,
				BE9664A828C2D9BE00084A96 /* Movie_App_SwiftUI_MVIApp.swift in Sources */,
				BE9664E228C38D6600084A96 /* Debounce.swift in Sources */,
				BE9664DD28C3846F00084A96 /* RoundedCorner.swift in Sources */,
				BE9664BE28C2E25100084A96 /* BarModifier.swift in Sources */,
			);
			runOnlyForDeploymentPostprocessing = 0;
		};
/* End PBXSourcesBuildPhase section */

/* Begin XCBuildConfiguration section */
		BE9664B028C2D9C000084A96 /* Debug */ = {
			isa = XCBuildConfiguration;
			buildSettings = {
				ALWAYS_SEARCH_USER_PATHS = NO;
				CLANG_ANALYZER_NONNULL = YES;
				CLANG_ANALYZER_NUMBER_OBJECT_CONVERSION = YES_AGGRESSIVE;
				CLANG_CXX_LANGUAGE_STANDARD = "gnu++17";
				CLANG_CXX_LIBRARY = "libc++";
				CLANG_ENABLE_MODULES = YES;
				CLANG_ENABLE_OBJC_ARC = YES;
				CLANG_ENABLE_OBJC_WEAK = YES;
				CLANG_WARN_BLOCK_CAPTURE_AUTORELEASING = YES;
				CLANG_WARN_BOOL_CONVERSION = YES;
				CLANG_WARN_COMMA = YES;
				CLANG_WARN_CONSTANT_CONVERSION = YES;
				CLANG_WARN_DEPRECATED_OBJC_IMPLEMENTATIONS = YES;
				CLANG_WARN_DIRECT_OBJC_ISA_USAGE = YES_ERROR;
				CLANG_WARN_DOCUMENTATION_COMMENTS = YES;
				CLANG_WARN_EMPTY_BODY = YES;
				CLANG_WARN_ENUM_CONVERSION = YES;
				CLANG_WARN_INFINITE_RECURSION = YES;
				CLANG_WARN_INT_CONVERSION = YES;
				CLANG_WARN_NON_LITERAL_NULL_CONVERSION = YES;
				CLANG_WARN_OBJC_IMPLICIT_RETAIN_SELF = YES;
				CLANG_WARN_OBJC_LITERAL_CONVERSION = YES;
				CLANG_WARN_OBJC_ROOT_CLASS = YES_ERROR;
				CLANG_WARN_QUOTED_INCLUDE_IN_FRAMEWORK_HEADER = YES;
				CLANG_WARN_RANGE_LOOP_ANALYSIS = YES;
				CLANG_WARN_STRICT_PROTOTYPES = YES;
				CLANG_WARN_SUSPICIOUS_MOVE = YES;
				CLANG_WARN_UNGUARDED_AVAILABILITY = YES_AGGRESSIVE;
				CLANG_WARN_UNREACHABLE_CODE = YES;
				CLANG_WARN__DUPLICATE_METHOD_MATCH = YES;
				COPY_PHASE_STRIP = NO;
				DEBUG_INFORMATION_FORMAT = dwarf;
				ENABLE_STRICT_OBJC_MSGSEND = YES;
				ENABLE_TESTABILITY = YES;
				GCC_C_LANGUAGE_STANDARD = gnu11;
				GCC_DYNAMIC_NO_PIC = NO;
				GCC_NO_COMMON_BLOCKS = YES;
				GCC_OPTIMIZATION_LEVEL = 0;
				GCC_PREPROCESSOR_DEFINITIONS = (
					"DEBUG=1",
					"$(inherited)",
				);
				GCC_WARN_64_TO_32_BIT_CONVERSION = YES;
				GCC_WARN_ABOUT_RETURN_TYPE = YES_ERROR;
				GCC_WARN_UNDECLARED_SELECTOR = YES;
				GCC_WARN_UNINITIALIZED_AUTOS = YES_AGGRESSIVE;
				GCC_WARN_UNUSED_FUNCTION = YES;
				GCC_WARN_UNUSED_VARIABLE = YES;
				IPHONEOS_DEPLOYMENT_TARGET = 15.2;
				MTL_ENABLE_DEBUG_INFO = INCLUDE_SOURCE;
				MTL_FAST_MATH = YES;
				ONLY_ACTIVE_ARCH = YES;
				SDKROOT = iphoneos;
				SWIFT_ACTIVE_COMPILATION_CONDITIONS = DEBUG;
				SWIFT_OPTIMIZATION_LEVEL = "-Onone";
			};
			name = Debug;
		};
		BE9664B128C2D9C000084A96 /* Release */ = {
			isa = XCBuildConfiguration;
			buildSettings = {
				ALWAYS_SEARCH_USER_PATHS = NO;
				CLANG_ANALYZER_NONNULL = YES;
				CLANG_ANALYZER_NUMBER_OBJECT_CONVERSION = YES_AGGRESSIVE;
				CLANG_CXX_LANGUAGE_STANDARD = "gnu++17";
				CLANG_CXX_LIBRARY = "libc++";
				CLANG_ENABLE_MODULES = YES;
				CLANG_ENABLE_OBJC_ARC = YES;
				CLANG_ENABLE_OBJC_WEAK = YES;
				CLANG_WARN_BLOCK_CAPTURE_AUTORELEASING = YES;
				CLANG_WARN_BOOL_CONVERSION = YES;
				CLANG_WARN_COMMA = YES;
				CLANG_WARN_CONSTANT_CONVERSION = YES;
				CLANG_WARN_DEPRECATED_OBJC_IMPLEMENTATIONS = YES;
				CLANG_WARN_DIRECT_OBJC_ISA_USAGE = YES_ERROR;
				CLANG_WARN_DOCUMENTATION_COMMENTS = YES;
				CLANG_WARN_EMPTY_BODY = YES;
				CLANG_WARN_ENUM_CONVERSION = YES;
				CLANG_WARN_INFINITE_RECURSION = YES;
				CLANG_WARN_INT_CONVERSION = YES;
				CLANG_WARN_NON_LITERAL_NULL_CONVERSION = YES;
				CLANG_WARN_OBJC_IMPLICIT_RETAIN_SELF = YES;
				CLANG_WARN_OBJC_LITERAL_CONVERSION = YES;
				CLANG_WARN_OBJC_ROOT_CLASS = YES_ERROR;
				CLANG_WARN_QUOTED_INCLUDE_IN_FRAMEWORK_HEADER = YES;
				CLANG_WARN_RANGE_LOOP_ANALYSIS = YES;
				CLANG_WARN_STRICT_PROTOTYPES = YES;
				CLANG_WARN_SUSPICIOUS_MOVE = YES;
				CLANG_WARN_UNGUARDED_AVAILABILITY = YES_AGGRESSIVE;
				CLANG_WARN_UNREACHABLE_CODE = YES;
				CLANG_WARN__DUPLICATE_METHOD_MATCH = YES;
				COPY_PHASE_STRIP = NO;
				DEBUG_INFORMATION_FORMAT = "dwarf-with-dsym";
				ENABLE_NS_ASSERTIONS = NO;
				ENABLE_STRICT_OBJC_MSGSEND = YES;
				GCC_C_LANGUAGE_STANDARD = gnu11;
				GCC_NO_COMMON_BLOCKS = YES;
				GCC_WARN_64_TO_32_BIT_CONVERSION = YES;
				GCC_WARN_ABOUT_RETURN_TYPE = YES_ERROR;
				GCC_WARN_UNDECLARED_SELECTOR = YES;
				GCC_WARN_UNINITIALIZED_AUTOS = YES_AGGRESSIVE;
				GCC_WARN_UNUSED_FUNCTION = YES;
				GCC_WARN_UNUSED_VARIABLE = YES;
				IPHONEOS_DEPLOYMENT_TARGET = 15.2;
				MTL_ENABLE_DEBUG_INFO = NO;
				MTL_FAST_MATH = YES;
				SDKROOT = iphoneos;
				SWIFT_COMPILATION_MODE = wholemodule;
				SWIFT_OPTIMIZATION_LEVEL = "-O";
				VALIDATE_PRODUCT = YES;
			};
			name = Release;
		};
		BE9664B328C2D9C000084A96 /* Debug */ = {
			isa = XCBuildConfiguration;
			buildSettings = {
				ASSETCATALOG_COMPILER_APPICON_NAME = AppIcon;
				ASSETCATALOG_COMPILER_GLOBAL_ACCENT_COLOR_NAME = AccentColor;
				CODE_SIGN_STYLE = Automatic;
				CURRENT_PROJECT_VERSION = 1;
				DEVELOPMENT_ASSET_PATHS = "\"Movie-App-SwiftUI-MVI/Preview Content\"";
				DEVELOPMENT_TEAM = ZZKQTW5FS3;
				ENABLE_PREVIEWS = YES;
				GENERATE_INFOPLIST_FILE = YES;
				INFOPLIST_KEY_UIApplicationSceneManifest_Generation = YES;
				INFOPLIST_KEY_UIApplicationSupportsIndirectInputEvents = YES;
				INFOPLIST_KEY_UILaunchScreen_Generation = YES;
				INFOPLIST_KEY_UISupportedInterfaceOrientations_iPad = "UIInterfaceOrientationPortrait UIInterfaceOrientationPortraitUpsideDown UIInterfaceOrientationLandscapeLeft UIInterfaceOrientationLandscapeRight";
				INFOPLIST_KEY_UISupportedInterfaceOrientations_iPhone = "UIInterfaceOrientationPortrait UIInterfaceOrientationLandscapeLeft UIInterfaceOrientationLandscapeRight";
				LD_RUNPATH_SEARCH_PATHS = (
					"$(inherited)",
					"@executable_path/Frameworks",
				);
				MARKETING_VERSION = 1.0;
				PRODUCT_BUNDLE_IDENTIFIER = "com.usif.Movie-App-SwiftUI-MVI";
				PRODUCT_NAME = "$(TARGET_NAME)";
				SWIFT_EMIT_LOC_STRINGS = YES;
				SWIFT_VERSION = 5.0;
				TARGETED_DEVICE_FAMILY = "1,2";
			};
			name = Debug;
		};
		BE9664B428C2D9C000084A96 /* Release */ = {
			isa = XCBuildConfiguration;
			buildSettings = {
				ASSETCATALOG_COMPILER_APPICON_NAME = AppIcon;
				ASSETCATALOG_COMPILER_GLOBAL_ACCENT_COLOR_NAME = AccentColor;
				CODE_SIGN_STYLE = Automatic;
				CURRENT_PROJECT_VERSION = 1;
				DEVELOPMENT_ASSET_PATHS = "\"Movie-App-SwiftUI-MVI/Preview Content\"";
				DEVELOPMENT_TEAM = ZZKQTW5FS3;
				ENABLE_PREVIEWS = YES;
				GENERATE_INFOPLIST_FILE = YES;
				INFOPLIST_KEY_UIApplicationSceneManifest_Generation = YES;
				INFOPLIST_KEY_UIApplicationSupportsIndirectInputEvents = YES;
				INFOPLIST_KEY_UILaunchScreen_Generation = YES;
				INFOPLIST_KEY_UISupportedInterfaceOrientations_iPad = "UIInterfaceOrientationPortrait UIInterfaceOrientationPortraitUpsideDown UIInterfaceOrientationLandscapeLeft UIInterfaceOrientationLandscapeRight";
				INFOPLIST_KEY_UISupportedInterfaceOrientations_iPhone = "UIInterfaceOrientationPortrait UIInterfaceOrientationLandscapeLeft UIInterfaceOrientationLandscapeRight";
				LD_RUNPATH_SEARCH_PATHS = (
					"$(inherited)",
					"@executable_path/Frameworks",
				);
				MARKETING_VERSION = 1.0;
				PRODUCT_BUNDLE_IDENTIFIER = "com.usif.Movie-App-SwiftUI-MVI";
				PRODUCT_NAME = "$(TARGET_NAME)";
				SWIFT_EMIT_LOC_STRINGS = YES;
				SWIFT_VERSION = 5.0;
				TARGETED_DEVICE_FAMILY = "1,2";
			};
			name = Release;
		};
/* End XCBuildConfiguration section */

/* Begin XCConfigurationList section */
		BE96649F28C2D9BE00084A96 /* Build configuration list for PBXProject "Movie-App-SwiftUI-MVI" */ = {
			isa = XCConfigurationList;
			buildConfigurations = (
				BE9664B028C2D9C000084A96 /* Debug */,
				BE9664B128C2D9C000084A96 /* Release */,
			);
			defaultConfigurationIsVisible = 0;
			defaultConfigurationName = Release;
		};
		BE9664B228C2D9C000084A96 /* Build configuration list for PBXNativeTarget "Movie-App-SwiftUI-MVI" */ = {
			isa = XCConfigurationList;
			buildConfigurations = (
				BE9664B328C2D9C000084A96 /* Debug */,
				BE9664B428C2D9C000084A96 /* Release */,
			);
			defaultConfigurationIsVisible = 0;
			defaultConfigurationName = Release;
		};
/* End XCConfigurationList section */

/* Begin XCRemoteSwiftPackageReference section */
		BE9664BF28C2E38400084A96 /* XCRemoteSwiftPackageReference "RxSwift" */ = {
			isa = XCRemoteSwiftPackageReference;
			repositoryURL = "https://github.com/ReactiveX/RxSwift";
			requirement = {
				kind = upToNextMajorVersion;
				minimumVersion = 6.0.0;
			};
		};
		BE9664CD28C2E77000084A96 /* XCRemoteSwiftPackageReference "Alamofire" */ = {
			isa = XCRemoteSwiftPackageReference;
			repositoryURL = "https://github.com/Alamofire/Alamofire";
			requirement = {
				kind = upToNextMajorVersion;
				minimumVersion = 5.0.0;
			};
		};
		BE9664D628C2EFB200084A96 /* XCRemoteSwiftPackageReference "Kingfisher" */ = {
			isa = XCRemoteSwiftPackageReference;
			repositoryURL = "https://github.com/onevcat/Kingfisher";
			requirement = {
				kind = upToNextMajorVersion;
				minimumVersion = 7.0.0;
			};
		};
/* End XCRemoteSwiftPackageReference section */

/* Begin XCSwiftPackageProductDependency section */
		BE9664C028C2E38400084A96 /* RxCocoa */ = {
			isa = XCSwiftPackageProductDependency;
			package = BE9664BF28C2E38400084A96 /* XCRemoteSwiftPackageReference "RxSwift" */;
			productName = RxCocoa;
		};
		BE9664C228C2E38400084A96 /* RxRelay */ = {
			isa = XCSwiftPackageProductDependency;
			package = BE9664BF28C2E38400084A96 /* XCRemoteSwiftPackageReference "RxSwift" */;
			productName = RxRelay;
		};
		BE9664C428C2E38400084A96 /* RxSwift */ = {
			isa = XCSwiftPackageProductDependency;
			package = BE9664BF28C2E38400084A96 /* XCRemoteSwiftPackageReference "RxSwift" */;
			productName = RxSwift;
		};
		BE9664CE28C2E77000084A96 /* Alamofire */ = {
			isa = XCSwiftPackageProductDependency;
			package = BE9664CD28C2E77000084A96 /* XCRemoteSwiftPackageReference "Alamofire" */;
			productName = Alamofire;
		};
		BE9664D728C2EFB200084A96 /* Kingfisher */ = {
			isa = XCSwiftPackageProductDependency;
			package = BE9664D628C2EFB200084A96 /* XCRemoteSwiftPackageReference "Kingfisher" */;
			productName = Kingfisher;
		};
/* End XCSwiftPackageProductDependency section */
	};
	rootObject = BE96649C28C2D9BE00084A96 /* Project object */;
}
